
Microsoft Visual Studio Solution File, Format Version 12.00
# Visual Studio Version 17
VisualStudioVersion = 17.13.35806.99
MinimumVisualStudioVersion = 10.0.40219.1
Project("{FAE04EC0-301F-11D3-BF4B-00C04F79EFBC}") = "IsubuSatis.TestApi", "IsubuSatis.TestApi\IsubuSatis.TestApi.csproj", "{B8D90E00-0684-49AA-899E-81DF8ACDE66E}"
EndProject
Project("{FAE04EC0-301F-11D3-BF4B-00C04F79EFBC}") = "TestApi2", "TestApi2\TestApi2.csproj", "{C0A25C4F-B806-4429-AAFD-3A375685147B}"
EndProject
Project("{FAE04EC0-301F-11D3-BF4B-00C04F79EFBC}") = "IsubuSatis.KatalogService", "IsubuSatis.KatalogService\IsubuSatis.KatalogService.csproj", "{01632F3F-F9CB-4F82-8C3A-025E938F1864}"
EndProject
Project("{FAE04EC0-301F-11D3-BF4B-00C04F79EFBC}") = "IsubuSatisIdentity", "IsubuSatisIdentity\IsubuSatisIdentity.csproj", "{DB54C494-1906-484A-AAB8-A6ECE6BD1EF5}"
EndProject
Project("{FAE04EC0-301F-11D3-BF4B-00C04F79EFBC}") = "IsubuSatis.FotografApi", "IsubuSatis.FotografApi\IsubuSatis.FotografApi.csproj", "{69DC4E80-52DB-4FBE-A3D0-19972B71B092}"
EndProject
Project("{FAE04EC0-301F-11D3-BF4B-00C04F79EFBC}") = "IsubuSatis.IndirimService", "IsubuSatis.IndirimService\IsubuSatis.IndirimService.csproj", "{F8F04E8D-575A-4A04-B825-7A5C386174B8}"
EndProject
Project("{FAE04EC0-301F-11D3-BF4B-00C04F79EFBC}") = "IsubuSatis.Sepet", "IsubuSatis.Sepet\IsubuSatis.Sepet.csproj", "{76186323-8F72-4A8A-BEAA-B079ACF0393B}"
EndProject
Global
	GlobalSection(SolutionConfigurationPlatforms) = preSolution
		Debug|Any CPU = Debug|Any CPU
		Release|Any CPU = Release|Any CPU
	EndGlobalSection
	GlobalSection(ProjectConfigurationPlatforms) = postSolution
		{B8D90E00-0684-49AA-899E-81DF8ACDE66E}.Debug|Any CPU.ActiveCfg = Debug|Any CPU
		{B8D90E00-0684-49AA-899E-81DF8ACDE66E}.Debug|Any CPU.Build.0 = Debug|Any CPU
		{B8D90E00-0684-49AA-899E-81DF8ACDE66E}.Release|Any CPU.ActiveCfg = Release|Any CPU
		{B8D90E00-0684-49AA-899E-81DF8ACDE66E}.Release|Any CPU.Build.0 = Release|Any CPU
		{C0A25C4F-B806-4429-AAFD-3A375685147B}.Debug|Any CPU.ActiveCfg = Debug|Any CPU
		{C0A25C4F-B806-4429-AAFD-3A375685147B}.Debug|Any CPU.Build.0 = Debug|Any CPU
		{C0A25C4F-B806-4429-AAFD-3A375685147B}.Release|Any CPU.ActiveCfg = Release|Any CPU
		{C0A25C4F-B806-4429-AAFD-3A375685147B}.Release|Any CPU.Build.0 = Release|Any CPU
		{01632F3F-F9CB-4F82-8C3A-025E938F1864}.Debug|Any CPU.ActiveCfg = Debug|Any CPU
		{01632F3F-F9CB-4F82-8C3A-025E938F1864}.Debug|Any CPU.Build.0 = Debug|Any CPU
		{01632F3F-F9CB-4F82-8C3A-025E938F1864}.Release|Any CPU.ActiveCfg = Release|Any CPU
		{01632F3F-F9CB-4F82-8C3A-025E938F1864}.Release|Any CPU.Build.0 = Release|Any CPU
		{DB54C494-1906-484A-AAB8-A6ECE6BD1EF5}.Debug|Any CPU.ActiveCfg = Debug|Any CPU
		{DB54C494-1906-484A-AAB8-A6ECE6BD1EF5}.Debug|Any CPU.Build.0 = Debug|Any CPU
		{DB54C494-1906-484A-AAB8-A6ECE6BD1EF5}.Release|Any CPU.ActiveCfg = Release|Any CPU
		{DB54C494-1906-484A-AAB8-A6ECE6BD1EF5}.Release|Any CPU.Build.0 = Release|Any CPU
		{69DC4E80-52DB-4FBE-A3D0-19972B71B092}.Debug|Any CPU.ActiveCfg = Debug|Any CPU
		{69DC4E80-52DB-4FBE-A3D0-19972B71B092}.Debug|Any CPU.Build.0 = Debug|Any CPU
		{69DC4E80-52DB-4FBE-A3D0-19972B71B092}.Release|Any CPU.ActiveCfg = Release|Any CPU
		{69DC4E80-52DB-4FBE-A3D0-19972B71B092}.Release|Any CPU.Build.0 = Release|Any CPU
		{F8F04E8D-575A-4A04-B825-7A5C386174B8}.Debug|Any CPU.ActiveCfg = Debug|Any CPU
		{F8F04E8D-575A-4A04-B825-7A5C386174B8}.Debug|Any CPU.Build.0 = Debug|Any CPU
		{F8F04E8D-575A-4A04-B825-7A5C386174B8}.Release|Any CPU.ActiveCfg = Release|Any CPU
		{F8F04E8D-575A-4A04-B825-7A5C386174B8}.Release|Any CPU.Build.0 = Release|Any CPU
		{76186323-8F72-4A8A-BEAA-B079ACF0393B}.Debug|Any CPU.ActiveCfg = Debug|Any CPU
		{76186323-8F72-4A8A-BEAA-B079ACF0393B}.Debug|Any CPU.Build.0 = Debug|Any CPU
		{76186323-8F72-4A8A-BEAA-B079ACF0393B}.Release|Any CPU.ActiveCfg = Release|Any CPU
		{76186323-8F72-4A8A-BEAA-B079ACF0393B}.Release|Any CPU.Build.0 = Release|Any CPU
	EndGlobalSection
	GlobalSection(SolutionProperties) = preSolution
		HideSolutionNode = FALSE
	EndGlobalSection
	GlobalSection(ExtensibilityGlobals) = postSolution
		SolutionGuid = {84CD6A92-72EA-4939-8E5F-AD3BF7B03239}
	EndGlobalSection
EndGlobal
